Microsoft Visual Studio Solution File, Format Version 12.00
# Visual Studio Version 17
VisualStudioVersion = 17.5.2.0
MinimumVisualStudioVersion = 10.0.40219.1
Project("{FAE04EC0-301F-11D3-BF4B-00C04F79EFBC}") = "PedidosApi", "PedidosApi.csproj", "{1CBF09B4-AD2E-A468-80DA-A842BC9E239E}"
EndProject
Project("{FAE04EC0-301F-11D3-BF4B-00C04F79EFBC}") = "PedidosApi.Tests", "PedidosApi.Tests\PedidosApi.Tests.csproj", "{EB73B6C8-6E75-E787-4B28-A7498C68BE06}"
EndProject
Global
	GlobalSection(SolutionConfigurationPlatforms) = preSolution
		Debug|Any CPU = Debug|Any CPU
		Release|Any CPU = Release|Any CPU
	EndGlobalSection
	GlobalSection(ProjectConfigurationPlatforms) = postSolution
		{1CBF09B4-AD2E-A468-80DA-A842BC9E239E}.Debug|Any CPU.ActiveCfg = Debug|Any CPU
		{1CBF09B4-AD2E-A468-80DA-A842BC9E239E}.Debug|Any CPU.Build.0 = Debug|Any CPU
		{1CBF09B4-AD2E-A468-80DA-A842BC9E239E}.Release|Any CPU.ActiveCfg = Release|Any CPU
		{1CBF09B4-AD2E-A468-80DA-A842BC9E239E}.Release|Any CPU.Build.0 = Release|Any CPU
		{EB73B6C8-6E75-E787-4B28-A7498C68BE06}.Debug|Any CPU.ActiveCfg = Debug|Any CPU
		{EB73B6C8-6E75-E787-4B28-A7498C68BE06}.Debug|Any CPU.Build.0 = Debug|Any CPU
		{EB73B6C8-6E75-E787-4B28-A7498C68BE06}.Release|Any CPU.ActiveCfg = Release|Any CPU
		{EB73B6C8-6E75-E787-4B28-A7498C68BE06}.Release|Any CPU.Build.0 = Release|Any CPU
	EndGlobalSection
	GlobalSection(SolutionProperties) = preSolution
		HideSolutionNode = FALSE
	EndGlobalSection
	GlobalSection(ExtensibilityGlobals) = postSolution
		SolutionGuid = {BE2D5A10-2F61-4F54-8E02-9D77CE591D00}
	EndGlobalSection
EndGlobal
